<?xml version="1.0" encoding="utf-8"?>
<Project ToolsVersion="4.0" xmlns="http://schemas.microsoft.com/developer/msbuild/2003">
  <ItemGroup>
    <Filter Include="Core">
      <UniqueIdentifier>{2db95535-ac50-4a2e-ab3d-49fcbc4e2efe}</UniqueIdentifier>
    </Filter>
  </ItemGroup>
  <ItemGroup>
    <ClCompile Include="main.cpp" />
    <ClCompile Include="Map.cpp">
      <Filter>Core</Filter>
    </ClCompile>
    <ClCompile Include="Snake.cpp">
      <Filter>Core</Filter>
    </ClCompile>
    <ClCompile Include="GameSystem.cpp">
      <Filter>Core</Filter>
    </ClCompile>
    <ClCompile Include="Game.cpp" />
  </ItemGroup>
  <ItemGroup>
    <ClInclude Include="Snake.hpp">
      <Filter>Core</Filter>
    </ClInclude>
    <ClInclude Include="Map.hpp">
      <Filter>Core</Filter>
    </ClInclude>
    <ClInclude Include="GameSystem.hpp">
      <Filter>Core</Filter>
    </ClInclude>
    <ClInclude Include="Event.hpp">
      <Filter>Core</Filter>
    </ClInclude>
    <ClInclude Include="Game.hpp" />
  </ItemGroup>
</Project>